
Microsoft Visual Studio Solution File, Format Version 12.00
# Visual Studio Version 17
VisualStudioVersion = 17.5.002.0
MinimumVisualStudioVersion = 10.0.40219.1
Project("{9A19103F-16F7-4668-BE54-9A1E7A4F7556}") = "DiscordTimestamp", "DiscordTimestamp.csproj", "{67FE0FA7-39A3-430B-8ECA-AFF91686FF71}"
EndProject
Global
	GlobalSection(SolutionConfigurationPlatforms) = preSolution
		Debug|Any CPU = Debug|Any CPU
		Release|Any CPU = Release|Any CPU
	EndGlobalSection
	GlobalSection(ProjectConfigurationPlatforms) = postSolution
		{67FE0FA7-39A3-430B-8ECA-AFF91686FF71}.Debug|Any CPU.ActiveCfg = Debug|Any CPU
		{67FE0FA7-39A3-430B-8ECA-AFF91686FF71}.Debug|Any CPU.Build.0 = Debug|Any CPU
		{67FE0FA7-39A3-430B-8ECA-AFF91686FF71}.Release|Any CPU.ActiveCfg = Release|Any CPU
		{67FE0FA7-39A3-430B-8ECA-AFF91686FF71}.Release|Any CPU.Build.0 = Release|Any CPU
	EndGlobalSection
	GlobalSection(SolutionProperties) = preSolution
		HideSolutionNode = FALSE
	EndGlobalSection
	GlobalSection(ExtensibilityGlobals) = postSolution
		SolutionGuid = {C6F58861-DD87-4623-AEB7-8A2B735E550F}
	EndGlobalSection
EndGlobal
